
Microsoft Visual Studio Solution File, Format Version 12.00
# Visual Studio Version 16
VisualStudioVersion = 16.0.30804.86
MinimumVisualStudioVersion = 10.0.40219.1
Project("{FAE04EC0-301F-11D3-BF4B-00C04F79EFBC}") = "Lesson3", "Lesson3.csproj", "{6DE4EF2C-3267-469F-AFA7-A6F8F6C2264F}"
EndProject
Global
	GlobalSection(SolutionConfigurationPlatforms) = preSolution
		Debug|Any CPU = Debug|Any CPU
		Release|Any CPU = Release|Any CPU
	EndGlobalSection
	GlobalSection(ProjectConfigurationPlatforms) = postSolution
		{6DE4EF2C-3267-469F-AFA7-A6F8F6C2264F}.Debug|Any CPU.ActiveCfg = Debug|Any CPU
		{6DE4EF2C-3267-469F-AFA7-A6F8F6C2264F}.Debug|Any CPU.Build.0 = Debug|Any CPU
		{6DE4EF2C-3267-469F-AFA7-A6F8F6C2264F}.Release|Any CPU.ActiveCfg = Release|Any CPU
		{6DE4EF2C-3267-469F-AFA7-A6F8F6C2264F}.Release|Any CPU.Build.0 = Release|Any CPU
	EndGlobalSection
	GlobalSection(SolutionProperties) = preSolution
		HideSolutionNode = FALSE
	EndGlobalSection
	GlobalSection(ExtensibilityGlobals) = postSolution
		SolutionGuid = {9F6CA620-4754-4A77-ACD6-C085F45E0AF7}
	EndGlobalSection
EndGlobal
